
Microsoft Visual Studio Solution File, Format Version 12.00
# Visual Studio Version 17
VisualStudioVersion = 17.4.33110.190
MinimumVisualStudioVersion = 10.0.40219.1
Project("{FAE04EC0-301F-11D3-BF4B-00C04F79EFBC}") = "Apho100Yujin", "Apho100Yujin.csproj", "{E86E41D2-A721-4E84-AC1B-4122448BDA8D}"
EndProject
Global
	GlobalSection(SolutionConfigurationPlatforms) = preSolution
		Debug|Any CPU = Debug|Any CPU
		Release|Any CPU = Release|Any CPU
	EndGlobalSection
	GlobalSection(ProjectConfigurationPlatforms) = postSolution
		{E86E41D2-A721-4E84-AC1B-4122448BDA8D}.Debug|Any CPU.ActiveCfg = Debug|Any CPU
		{E86E41D2-A721-4E84-AC1B-4122448BDA8D}.Debug|Any CPU.Build.0 = Debug|Any CPU
		{E86E41D2-A721-4E84-AC1B-4122448BDA8D}.Release|Any CPU.ActiveCfg = Release|Any CPU
		{E86E41D2-A721-4E84-AC1B-4122448BDA8D}.Release|Any CPU.Build.0 = Release|Any CPU
	EndGlobalSection
	GlobalSection(SolutionProperties) = preSolution
		HideSolutionNode = FALSE
	EndGlobalSection
	GlobalSection(ExtensibilityGlobals) = postSolution
		SolutionGuid = {4BAC8863-FB99-49BD-9E40-D302CA795774}
	EndGlobalSection
EndGlobal
